
Microsoft Visual Studio Solution File, Format Version 12.00
# Visual Studio Version 17
VisualStudioVersion = 17.9.34622.214
MinimumVisualStudioVersion = 10.0.40219.1
Project("{FAE04EC0-301F-11D3-BF4B-00C04F79EFBC}") = "GuessingGame", "GuessingGame\GuessingGame.csproj", "{A708C4F2-702F-4665-A5E7-F2454D6EF9EA}"
EndProject
Global
	GlobalSection(SolutionConfigurationPlatforms) = preSolution
		Debug|Any CPU = Debug|Any CPU
		Release|Any CPU = Release|Any CPU
	EndGlobalSection
	GlobalSection(ProjectConfigurationPlatforms) = postSolution
		{A708C4F2-702F-4665-A5E7-F2454D6EF9EA}.Debug|Any CPU.ActiveCfg = Debug|Any CPU
		{A708C4F2-702F-4665-A5E7-F2454D6EF9EA}.Debug|Any CPU.Build.0 = Debug|Any CPU
		{A708C4F2-702F-4665-A5E7-F2454D6EF9EA}.Release|Any CPU.ActiveCfg = Release|Any CPU
		{A708C4F2-702F-4665-A5E7-F2454D6EF9EA}.Release|Any CPU.Build.0 = Release|Any CPU
	EndGlobalSection
	GlobalSection(SolutionProperties) = preSolution
		HideSolutionNode = FALSE
	EndGlobalSection
	GlobalSection(ExtensibilityGlobals) = postSolution
		SolutionGuid = {A1CC5C6F-FEF6-4952-A43F-DE5B86765A35}
	EndGlobalSection
EndGlobal
